// !$*UTF8*$!
{
	archiveVersion = 1;
	classes = {
	};
	objectVersion = 46;
	objects = {

/* Begin PBXBuildFile section */
		2624246A167FDABB00BF0AA5 /* UIKit.framework in Frameworks */ = {isa = PBXBuildFile; fileRef = 26242469167FDABB00BF0AA5 /* UIKit.framework */; };
		2624246C167FDABB00BF0AA5 /* Foundation.framework in Frameworks */ = {isa = PBXBuildFile; fileRef = 2624246B167FDABB00BF0AA5 /* Foundation.framework */; };
		2624246E167FDABB00BF0AA5 /* CoreGraphics.framework in Frameworks */ = {isa = PBXBuildFile; fileRef = 2624246D167FDABB00BF0AA5 /* CoreGraphics.framework */; };
		26242474167FDABB00BF0AA5 /* InfoPlist.strings in Resources */ = {isa = PBXBuildFile; fileRef = 26242472167FDABB00BF0AA5 /* InfoPlist.strings */; };
		26242476167FDABB00BF0AA5 /* main.m in Sources */ = {isa = PBXBuildFile; fileRef = 26242475167FDABB00BF0AA5 /* main.m */; };
		2624247A167FDABB00BF0AA5 /* MTAppDelegate.m in Sources */ = {isa = PBXBuildFile; fileRef = 26242479167FDABB00BF0AA5 /* MTAppDelegate.m */; };
		26242483167FDABB00BF0AA5 /* Main.storyboard in Resources */ = {isa = PBXBuildFile; fileRef = 26242481167FDABB00BF0AA5 /* Main.storyboard */; };
		26242486167FDABB00BF0AA5 /* MTViewController.m in Sources */ = {isa = PBXBuildFile; fileRef = 26242485167FDABB00BF0AA5 /* MTViewController.m */; };
		2624248F167FDABB00BF0AA5 /* UIKit.framework in Frameworks */ = {isa = PBXBuildFile; fileRef = 26242469167FDABB00BF0AA5 /* UIKit.framework */; };
		26242490167FDABB00BF0AA5 /* Foundation.framework in Frameworks */ = {isa = PBXBuildFile; fileRef = 2624246B167FDABB00BF0AA5 /* Foundation.framework */; };
		26242498167FDABB00BF0AA5 /* InfoPlist.strings in Resources */ = {isa = PBXBuildFile; fileRef = 26242496167FDABB00BF0AA5 /* InfoPlist.strings */; };
		2624249B167FDABB00BF0AA5 /* MultipleTargetsTests.m in Sources */ = {isa = PBXBuildFile; fileRef = 2624249A167FDABB00BF0AA5 /* MultipleTargetsTests.m */; };
		262424A6167FDAC900BF0AA5 /* main.m in Sources */ = {isa = PBXBuildFile; fileRef = 26242475167FDABB00BF0AA5 /* main.m */; };
		262424A7167FDAC900BF0AA5 /* MTAppDelegate.m in Sources */ = {isa = PBXBuildFile; fileRef = 26242479167FDABB00BF0AA5 /* MTAppDelegate.m */; };
		262424A8167FDAC900BF0AA5 /* MTViewController.m in Sources */ = {isa = PBXBuildFile; fileRef = 26242485167FDABB00BF0AA5 /* MTViewController.m */; };
		262424AA167FDAC900BF0AA5 /* UIKit.framework in Frameworks */ = {isa = PBXBuildFile; fileRef = 26242469167FDABB00BF0AA5 /* UIKit.framework */; };
		262424AB167FDAC900BF0AA5 /* Foundation.framework in Frameworks */ = {isa = PBXBuildFile; fileRef = 2624246B167FDABB00BF0AA5 /* Foundation.framework */; };
		262424AC167FDAC900BF0AA5 /* CoreGraphics.framework in Frameworks */ = {isa = PBXBuildFile; fileRef = 2624246D167FDABB00BF0AA5 /* CoreGraphics.framework */; };
		262424AE167FDAC900BF0AA5 /* InfoPlist.strings in Resources */ = {isa = PBXBuildFile; fileRef = 26242472167FDABB00BF0AA5 /* InfoPlist.strings */; };
		262424B2167FDAC900BF0AA5 /* Main.storyboard in Resources */ = {isa = PBXBuildFile; fileRef = 26242481167FDABB00BF0AA5 /* Main.storyboard */; };
		262424BB167FDAF200BF0AA5 /* main.m in Sources */ = {isa = PBXBuildFile; fileRef = 26242475167FDABB00BF0AA5 /* main.m */; };
		262424BC167FDAF200BF0AA5 /* MTAppDelegate.m in Sources */ = {isa = PBXBuildFile; fileRef = 26242479167FDABB00BF0AA5 /* MTAppDelegate.m */; };
		262424BD167FDAF200BF0AA5 /* MTViewController.m in Sources */ = {isa = PBXBuildFile; fileRef = 26242485167FDABB00BF0AA5 /* MTViewController.m */; };
		262424BF167FDAF200BF0AA5 /* UIKit.framework in Frameworks */ = {isa = PBXBuildFile; fileRef = 26242469167FDABB00BF0AA5 /* UIKit.framework */; };
		262424C0167FDAF200BF0AA5 /* Foundation.framework in Frameworks */ = {isa = PBXBuildFile; fileRef = 2624246B167FDABB00BF0AA5 /* Foundation.framework */; };
		262424C1167FDAF200BF0AA5 /* CoreGraphics.framework in Frameworks */ = {isa = PBXBuildFile; fileRef = 2624246D167FDABB00BF0AA5 /* CoreGraphics.framework */; };
		262424C3167FDAF200BF0AA5 /* InfoPlist.strings in Resources */ = {isa = PBXBuildFile; fileRef = 26242472167FDABB00BF0AA5 /* InfoPlist.strings */; };
		262424C7167FDAF200BF0AA5 /* Main.storyboard in Resources */ = {isa = PBXBuildFile; fileRef = 26242481167FDABB00BF0AA5 /* Main.storyboard */; };
		262C0A511DB1B83200ED6E39 /* Launch Screen.storyboard in Resources */ = {isa = PBXBuildFile; fileRef = 262C0A501DB1B83200ED6E39 /* Launch Screen.storyboard */; };
		262C0A521DB1B83200ED6E39 /* Launch Screen.storyboard in Resources */ = {isa = PBXBuildFile; fileRef = 262C0A501DB1B83200ED6E39 /* Launch Screen.storyboard */; };
		262C0A531DB1B83200ED6E39 /* Launch Screen.storyboard in Resources */ = {isa = PBXBuildFile; fileRef = 262C0A501DB1B83200ED6E39 /* Launch Screen.storyboard */; };
		262C0A571DB1B90000ED6E39 /* Media-Lite.xcassets in Resources */ = {isa = PBXBuildFile; fileRef = 262C0A561DB1B90000ED6E39 /* Media-Lite.xcassets */; };
		262C0A591DB1B91000ED6E39 /* Media-Pro.xcassets in Resources */ = {isa = PBXBuildFile; fileRef = 262C0A581DB1B91000ED6E39 /* Media-Pro.xcassets */; };
		262C0A5B1DB1B92100ED6E39 /* Media-OEM.xcassets in Resources */ = {isa = PBXBuildFile; fileRef = 262C0A5A1DB1B92100ED6E39 /* Media-OEM.xcassets */; };
/* End PBXBuildFile section */

/* Begin PBXContainerItemProxy section */
		26242491167FDABB00BF0AA5 /* PBXContainerItemProxy */ = {
			isa = PBXContainerItemProxy;
			containerPortal = 2624245C167FDABB00BF0AA5 /* Project object */;
			proxyType = 1;
			remoteGlobalIDString = 26242464167FDABB00BF0AA5;
			remoteInfo = MultipleTargets;
		};
/* End PBXContainerItemProxy section */

/* Begin PBXFileReference section */
		26242465167FDABB00BF0AA5 /* MT Lite.app */ = {isa = PBXFileReference; explicitFileType = wrapper.application; includeInIndex = 0; path = "MT Lite.app"; sourceTree = BUILT_PRODUCTS_DIR; };
		26242469167FDABB00BF0AA5 /* UIKit.framework */ = {isa = PBXFileReference; lastKnownFileType = wrapper.framework; name = UIKit.framework; path = System/Library/Frameworks/UIKit.framework; sourceTree = SDKROOT; };
		2624246B167FDABB00BF0AA5 /* Foundation.framework */ = {isa = PBXFileReference; lastKnownFileType = wrapper.framework; name = Foundation.framework; path = System/Library/Frameworks/Foundation.framework; sourceTree = SDKROOT; };
		2624246D167FDABB00BF0AA5 /* CoreGraphics.framework */ = {isa = PBXFileReference; lastKnownFileType = wrapper.framework; name = CoreGraphics.framework; path = System/Library/Frameworks/CoreGraphics.framework; sourceTree = SDKROOT; };
		26242471167FDABB00BF0AA5 /* MultipleTargets Lite-Info.plist */ = {isa = PBXFileReference; lastKnownFileType = text.plist.xml; path = "MultipleTargets Lite-Info.plist"; sourceTree = "<group>"; };
		26242473167FDABB00BF0AA5 /* en */ = {isa = PBXFileReference; lastKnownFileType = text.plist.strings; name = en; path = en.lproj/InfoPlist.strings; sourceTree = "<group>"; };
		26242475167FDABB00BF0AA5 /* main.m */ = {isa = PBXFileReference; lastKnownFileType = sourcecode.c.objc; path = main.m; sourceTree = "<group>"; };
		26242477167FDABB00BF0AA5 /* MultipleTargets-Prefix.pch */ = {isa = PBXFileReference; lastKnownFileType = sourcecode.c.h; path = "MultipleTargets-Prefix.pch"; sourceTree = "<group>"; };
		26242478167FDABB00BF0AA5 /* MTAppDelegate.h */ = {isa = PBXFileReference; lastKnownFileType = sourcecode.c.h; path = MTAppDelegate.h; sourceTree = "<group>"; };
		26242479167FDABB00BF0AA5 /* MTAppDelegate.m */ = {isa = PBXFileReference; lastKnownFileType = sourcecode.c.objc; path = MTAppDelegate.m; sourceTree = "<group>"; };
		26242482167FDABB00BF0AA5 /* en */ = {isa = PBXFileReference; lastKnownFileType = file.storyboard; name = en; path = en.lproj/Main.storyboard; sourceTree = "<group>"; };
		26242484167FDABB00BF0AA5 /* MTViewController.h */ = {isa = PBXFileReference; lastKnownFileType = sourcecode.c.h; path = MTViewController.h; sourceTree = "<group>"; };
		26242485167FDABB00BF0AA5 /* MTViewController.m */ = {isa = PBXFileReference; lastKnownFileType = sourcecode.c.objc; path = MTViewController.m; sourceTree = "<group>"; };
		2624248C167FDABB00BF0AA5 /* MultipleTargetsTests.xctest */ = {isa = PBXFileReference; explicitFileType = wrapper.cfbundle; includeInIndex = 0; path = MultipleTargetsTests.xctest; sourceTree = BUILT_PRODUCTS_DIR; };
		26242495167FDABB00BF0AA5 /* MultipleTargetsTests-Info.plist */ = {isa = PBXFileReference; lastKnownFileType = text.plist.xml; path = "MultipleTargetsTests-Info.plist"; sourceTree = "<group>"; };
		26242497167FDABB00BF0AA5 /* en */ = {isa = PBXFileReference; lastKnownFileType = text.plist.strings; name = en; path = en.lproj/InfoPlist.strings; sourceTree = "<group>"; };
		26242499167FDABB00BF0AA5 /* MultipleTargetsTests.h */ = {isa = PBXFileReference; lastKnownFileType = sourcecode.c.h; path = MultipleTargetsTests.h; sourceTree = "<group>"; };
		2624249A167FDABB00BF0AA5 /* MultipleTargetsTests.m */ = {isa = PBXFileReference; lastKnownFileType = sourcecode.c.objc; path = MultipleTargetsTests.m; sourceTree = "<group>"; };
		262424B6167FDAC900BF0AA5 /* MT Pro.app */ = {isa = PBXFileReference; explicitFileType = wrapper.application; includeInIndex = 0; path = "MT Pro.app"; sourceTree = BUILT_PRODUCTS_DIR; };
		262424CB167FDAF200BF0AA5 /* MT OEM.app */ = {isa = PBXFileReference; explicitFileType = wrapper.application; includeInIndex = 0; path = "MT OEM.app"; sourceTree = BUILT_PRODUCTS_DIR; };
		262424CE167FDBBB00BF0AA5 /* MultipleTargets Pro-Info.plist */ = {isa = PBXFileReference; fileEncoding = 4; lastKnownFileType = text.plist.xml; path = "MultipleTargets Pro-Info.plist"; sourceTree = "<group>"; };
		262424D0167FDBCD00BF0AA5 /* MultipleTargets OEM-Info.plist */ = {isa = PBXFileReference; fileEncoding = 4; lastKnownFileType = text.plist.xml; path = "MultipleTargets OEM-Info.plist"; sourceTree = "<group>"; };
		262C0A501DB1B83200ED6E39 /* Launch Screen.storyboard */ = {isa = PBXFileReference; fileEncoding = 4; lastKnownFileType = file.storyboard; path = "Launch Screen.storyboard"; sourceTree = "<group>"; };
		262C0A561DB1B90000ED6E39 /* Media-Lite.xcassets */ = {isa = PBXFileReference; lastKnownFileType = folder.assetcatalog; name = "Media-Lite.xcassets"; path = "MultipleTargets/Lite/Media-Lite.xcassets"; sourceTree = SOURCE_ROOT; };
		262C0A581DB1B91000ED6E39 /* Media-Pro.xcassets */ = {isa = PBXFileReference; lastKnownFileType = folder.assetcatalog; name = "Media-Pro.xcassets"; path = "MultipleTargets/Pro/Media-Pro.xcassets"; sourceTree = SOURCE_ROOT; };
		262C0A5A1DB1B92100ED6E39 /* Media-OEM.xcassets */ = {isa = PBXFileReference; lastKnownFileType = folder.assetcatalog; name = "Media-OEM.xcassets"; path = "MultipleTargets/OEM/Media-OEM.xcassets"; sourceTree = SOURCE_ROOT; };
		26EFB924167FEA8400D90A8A /* README.md */ = {isa = PBXFileReference; lastKnownFileType = text; path = README.md; sourceTree = "<group>"; };
/* End PBXFileReference section */

/* Begin PBXFrameworksBuildPhase section */
		26242462167FDABB00BF0AA5 /* Frameworks */ = {
			isa = PBXFrameworksBuildPhase;
			buildActionMask = 2147483647;
			files = (
				2624246A167FDABB00BF0AA5 /* UIKit.framework in Frameworks */,
				2624246C167FDABB00BF0AA5 /* Foundation.framework in Frameworks */,
				2624246E167FDABB00BF0AA5 /* CoreGraphics.framework in Frameworks */,
			);
			runOnlyForDeploymentPostprocessing = 0;
		};
		26242488167FDABB00BF0AA5 /* Frameworks */ = {
			isa = PBXFrameworksBuildPhase;
			buildActionMask = 2147483647;
			files = (
				2624248F167FDABB00BF0AA5 /* UIKit.framework in Frameworks */,
				26242490167FDABB00BF0AA5 /* Foundation.framework in Frameworks */,
			);
			runOnlyForDeploymentPostprocessing = 0;
		};
		262424A9167FDAC900BF0AA5 /* Frameworks */ = {
			isa = PBXFrameworksBuildPhase;
			buildActionMask = 2147483647;
			files = (
				262424AA167FDAC900BF0AA5 /* UIKit.framework in Frameworks */,
				262424AB167FDAC900BF0AA5 /* Foundation.framework in Frameworks */,
				262424AC167FDAC900BF0AA5 /* CoreGraphics.framework in Frameworks */,
			);
			runOnlyForDeploymentPostprocessing = 0;
		};
		262424BE167FDAF200BF0AA5 /* Frameworks */ = {
			isa = PBXFrameworksBuildPhase;
			buildActionMask = 2147483647;
			files = (
				262424BF167FDAF200BF0AA5 /* UIKit.framework in Frameworks */,
				262424C0167FDAF200BF0AA5 /* Foundation.framework in Frameworks */,
				262424C1167FDAF200BF0AA5 /* CoreGraphics.framework in Frameworks */,
			);
			runOnlyForDeploymentPostprocessing = 0;
		};
/* End PBXFrameworksBuildPhase section */

/* Begin PBXGroup section */
		2624245A167FDABB00BF0AA5 = {
			isa = PBXGroup;
			children = (
				26EFB924167FEA8400D90A8A /* README.md */,
				2624246F167FDABB00BF0AA5 /* MultipleTargets */,
				26242493167FDABB00BF0AA5 /* MultipleTargetsTests */,
				26242468167FDABB00BF0AA5 /* Frameworks */,
				26242466167FDABB00BF0AA5 /* Products */,
			);
			sourceTree = "<group>";
		};
		26242466167FDABB00BF0AA5 /* Products */ = {
			isa = PBXGroup;
			children = (
				26242465167FDABB00BF0AA5 /* MT Lite.app */,
				2624248C167FDABB00BF0AA5 /* MultipleTargetsTests.xctest */,
				262424B6167FDAC900BF0AA5 /* MT Pro.app */,
				262424CB167FDAF200BF0AA5 /* MT OEM.app */,
			);
			name = Products;
			sourceTree = "<group>";
		};
		26242468167FDABB00BF0AA5 /* Frameworks */ = {
			isa = PBXGroup;
			children = (
				26242469167FDABB00BF0AA5 /* UIKit.framework */,
				2624246B167FDABB00BF0AA5 /* Foundation.framework */,
				2624246D167FDABB00BF0AA5 /* CoreGraphics.framework */,
			);
			name = Frameworks;
			sourceTree = "<group>";
		};
		2624246F167FDABB00BF0AA5 /* MultipleTargets */ = {
			isa = PBXGroup;
			children = (
				26242470167FDABB00BF0AA5 /* Supporting Files */,
				26EFB905167FE97500D90A8A /* Media */,
				26242481167FDABB00BF0AA5 /* Main.storyboard */,
				262C0A501DB1B83200ED6E39 /* Launch Screen.storyboard */,
				26242478167FDABB00BF0AA5 /* MTAppDelegate.h */,
				26242479167FDABB00BF0AA5 /* MTAppDelegate.m */,
				26242484167FDABB00BF0AA5 /* MTViewController.h */,
				26242485167FDABB00BF0AA5 /* MTViewController.m */,
			);
			path = MultipleTargets;
			sourceTree = "<group>";
		};
		26242470167FDABB00BF0AA5 /* Supporting Files */ = {
			isa = PBXGroup;
			children = (
				26242471167FDABB00BF0AA5 /* MultipleTargets Lite-Info.plist */,
				262424CE167FDBBB00BF0AA5 /* MultipleTargets Pro-Info.plist */,
				262424D0167FDBCD00BF0AA5 /* MultipleTargets OEM-Info.plist */,
				26242472167FDABB00BF0AA5 /* InfoPlist.strings */,
				26242475167FDABB00BF0AA5 /* main.m */,
				26242477167FDABB00BF0AA5 /* MultipleTargets-Prefix.pch */,
			);
			name = "Supporting Files";
			sourceTree = "<group>";
		};
		26242493167FDABB00BF0AA5 /* MultipleTargetsTests */ = {
			isa = PBXGroup;
			children = (
				26242499167FDABB00BF0AA5 /* MultipleTargetsTests.h */,
				2624249A167FDABB00BF0AA5 /* MultipleTargetsTests.m */,
				26242494167FDABB00BF0AA5 /* Supporting Files */,
			);
			path = MultipleTargetsTests;
			sourceTree = "<group>";
		};
		26242494167FDABB00BF0AA5 /* Supporting Files */ = {
			isa = PBXGroup;
			children = (
				26242495167FDABB00BF0AA5 /* MultipleTargetsTests-Info.plist */,
				26242496167FDABB00BF0AA5 /* InfoPlist.strings */,
			);
			name = "Supporting Files";
			sourceTree = "<group>";
		};
		26EFB905167FE97500D90A8A /* Media */ = {
			isa = PBXGroup;
			children = (
				26EFB906167FE97500D90A8A /* Lite */,
				26EFB90E167FE97500D90A8A /* Pro */,
				26EFB90A167FE97500D90A8A /* OEM */,
			);
			path = Media;
			sourceTree = SOURCE_ROOT;
		};
		26EFB906167FE97500D90A8A /* Lite */ = {
			isa = PBXGroup;
			children = (
				262C0A561DB1B90000ED6E39 /* Media-Lite.xcassets */,
			);
			path = Lite;
			sourceTree = "<group>";
		};
		26EFB90A167FE97500D90A8A /* OEM */ = {
			isa = PBXGroup;
			children = (
				262C0A5A1DB1B92100ED6E39 /* Media-OEM.xcassets */,
			);
			path = OEM;
			sourceTree = "<group>";
		};
		26EFB90E167FE97500D90A8A /* Pro */ = {
			isa = PBXGroup;
			children = (
				262C0A581DB1B91000ED6E39 /* Media-Pro.xcassets */,
			);
			path = Pro;
			sourceTree = "<group>";
		};
/* End PBXGroup section */

/* Begin PBXNativeTarget section */
		26242464167FDABB00BF0AA5 /* MultipleTargets Lite */ = {
			isa = PBXNativeTarget;
			buildConfigurationList = 2624249E167FDABB00BF0AA5 /* Build configuration list for PBXNativeTarget "MultipleTargets Lite" */;
			buildPhases = (
				26242461167FDABB00BF0AA5 /* Sources */,
				26242462167FDABB00BF0AA5 /* Frameworks */,
				26242463167FDABB00BF0AA5 /* Resources */,
			);
			buildRules = (
			);
			dependencies = (
			);
			name = "MultipleTargets Lite";
			productName = MultipleTargets;
			productReference = 26242465167FDABB00BF0AA5 /* MT Lite.app */;
			productType = "com.apple.product-type.application";
		};
		2624248B167FDABB00BF0AA5 /* MultipleTargetsTests */ = {
			isa = PBXNativeTarget;
			buildConfigurationList = 262424A1167FDABB00BF0AA5 /* Build configuration list for PBXNativeTarget "MultipleTargetsTests" */;
			buildPhases = (
				26242487167FDABB00BF0AA5 /* Sources */,
				26242488167FDABB00BF0AA5 /* Frameworks */,
				26242489167FDABB00BF0AA5 /* Resources */,
			);
			buildRules = (
			);
			dependencies = (
				26242492167FDABB00BF0AA5 /* PBXTargetDependency */,
			);
			name = MultipleTargetsTests;
			productName = MultipleTargetsTests;
			productReference = 2624248C167FDABB00BF0AA5 /* MultipleTargetsTests.xctest */;
			productType = "com.apple.product-type.bundle.unit-test";
		};
		262424A4167FDAC900BF0AA5 /* MultipleTargets Pro */ = {
			isa = PBXNativeTarget;
			buildConfigurationList = 262424B3167FDAC900BF0AA5 /* Build configuration list for PBXNativeTarget "MultipleTargets Pro" */;
			buildPhases = (
				262424A5167FDAC900BF0AA5 /* Sources */,
				262424A9167FDAC900BF0AA5 /* Frameworks */,
				262424AD167FDAC900BF0AA5 /* Resources */,
			);
			buildRules = (
			);
			dependencies = (
			);
			name = "MultipleTargets Pro";
			productName = MultipleTargets;
			productReference = 262424B6167FDAC900BF0AA5 /* MT Pro.app */;
			productType = "com.apple.product-type.application";
		};
		262424B9167FDAF200BF0AA5 /* MultipleTargets OEM */ = {
			isa = PBXNativeTarget;
			buildConfigurationList = 262424C8167FDAF200BF0AA5 /* Build configuration list for PBXNativeTarget "MultipleTargets OEM" */;
			buildPhases = (
				262424BA167FDAF200BF0AA5 /* Sources */,
				262424BE167FDAF200BF0AA5 /* Frameworks */,
				262424C2167FDAF200BF0AA5 /* Resources */,
			);
			buildRules = (
			);
			dependencies = (
			);
			name = "MultipleTargets OEM";
			productName = MultipleTargets;
			productReference = 262424CB167FDAF200BF0AA5 /* MT OEM.app */;
			productType = "com.apple.product-type.application";
		};
/* End PBXNativeTarget section */

/* Begin PBXProject section */
		2624245C167FDABB00BF0AA5 /* Project object */ = {
			isa = PBXProject;
			attributes = {
				CLASSPREFIX = MT;
				LastTestingUpgradeCheck = 0620;
				LastUpgradeCheck = 0810;
				ORGANIZATIONNAME = "SmallSharpTools LLC";
				TargetAttributes = {
					26242464167FDABB00BF0AA5 = {
						DevelopmentTeam = JJUWC4MH8Y;
					};
					2624248B167FDABB00BF0AA5 = {
						DevelopmentTeam = JJUWC4MH8Y;
						TestTargetID = 26242464167FDABB00BF0AA5;
					};
					262424A4167FDAC900BF0AA5 = {
						DevelopmentTeam = JJUWC4MH8Y;
					};
					262424B9167FDAF200BF0AA5 = {
						DevelopmentTeam = JJUWC4MH8Y;
					};
				};
			};
			buildConfigurationList = 2624245F167FDABB00BF0AA5 /* Build configuration list for PBXProject "MultipleTargets" */;
			compatibilityVersion = "Xcode 3.2";
			developmentRegion = English;
			hasScannedForEncodings = 0;
			knownRegions = (
				en,
			);
			mainGroup = 2624245A167FDABB00BF0AA5;
			productRefGroup = 26242466167FDABB00BF0AA5 /* Products */;
			projectDirPath = "";
			projectRoot = "";
			targets = (
				26242464167FDABB00BF0AA5 /* MultipleTargets Lite */,
				262424A4167FDAC900BF0AA5 /* MultipleTargets Pro */,
				262424B9167FDAF200BF0AA5 /* MultipleTargets OEM */,
				2624248B167FDABB00BF0AA5 /* MultipleTargetsTests */,
			);
		};
/* End PBXProject section */

/* Begin PBXResourcesBuildPhase section */
		26242463167FDABB00BF0AA5 /* Resources */ = {
			isa = PBXResourcesBuildPhase;
			buildActionMask = 2147483647;
			files = (
				262C0A511DB1B83200ED6E39 /* Launch Screen.storyboard in Resources */,
				26242474167FDABB00BF0AA5 /* InfoPlist.strings in Resources */,
				262C0A571DB1B90000ED6E39 /* Media-Lite.xcassets in Resources */,
				26242483167FDABB00BF0AA5 /* Main.storyboard in Resources */,
			);
			runOnlyForDeploymentPostprocessing = 0;
		};
		26242489167FDABB00BF0AA5 /* Resources */ = {
			isa = PBXResourcesBuildPhase;
			buildActionMask = 2147483647;
			files = (
				26242498167FDABB00BF0AA5 /* InfoPlist.strings in Resources */,
			);
			runOnlyForDeploymentPostprocessing = 0;
		};
		262424AD167FDAC900BF0AA5 /* Resources */ = {
			isa = PBXResourcesBuildPhase;
			buildActionMask = 2147483647;
			files = (
				262C0A521DB1B83200ED6E39 /* Launch Screen.storyboard in Resources */,
				262424AE167FDAC900BF0AA5 /* InfoPlist.strings in Resources */,
				262C0A591DB1B91000ED6E39 /* Media-Pro.xcassets in Resources */,
				262424B2167FDAC900BF0AA5 /* Main.storyboard in Resources */,
			);
			runOnlyForDeploymentPostprocessing = 0;
		};
		262424C2167FDAF200BF0AA5 /* Resources */ = {
			isa = PBXResourcesBuildPhase;
			buildActionMask = 2147483647;
			files = (
				262C0A531DB1B83200ED6E39 /* Launch Screen.storyboard in Resources */,
				262424C3167FDAF200BF0AA5 /* InfoPlist.strings in Resources */,
				262C0A5B1DB1B92100ED6E39 /* Media-OEM.xcassets in Resources */,
				262424C7167FDAF200BF0AA5 /* Main.storyboard in Resources */,
			);
			runOnlyForDeploymentPostprocessing = 0;
		};
/* End PBXResourcesBuildPhase section */

/* Begin PBXSourcesBuildPhase section */
		26242461167FDABB00BF0AA5 /* Sources */ = {
			isa = PBXSourcesBuildPhase;
			buildActionMask = 2147483647;
			files = (
				26242476167FDABB00BF0AA5 /* main.m in Sources */,
				2624247A167FDABB00BF0AA5 /* MTAppDelegate.m in Sources */,
				26242486167FDABB00BF0AA5 /* MTViewController.m in Sources */,
			);
			runOnlyForDeploymentPostprocessing = 0;
		};
		26242487167FDABB00BF0AA5 /* Sources */ = {
			isa = PBXSourcesBuildPhase;
			buildActionMask = 2147483647;
			files = (
				2624249B167FDABB00BF0AA5 /* MultipleTargetsTests.m in Sources */,
			);
			runOnlyForDeploymentPostprocessing = 0;
		};
		262424A5167FDAC900BF0AA5 /* Sources */ = {
			isa = PBXSourcesBuildPhase;
			buildActionMask = 2147483647;
			files = (
				262424A6167FDAC900BF0AA5 /* main.m in Sources */,
				262424A7167FDAC900BF0AA5 /* MTAppDelegate.m in Sources */,
				262424A8167FDAC900BF0AA5 /* MTViewController.m in Sources */,
			);
			runOnlyForDeploymentPostprocessing = 0;
		};
		262424BA167FDAF200BF0AA5 /* Sources */ = {
			isa = PBXSourcesBuildPhase;
			buildActionMask = 2147483647;
			files = (
				262424BB167FDAF200BF0AA5 /* main.m in Sources */,
				262424BC167FDAF200BF0AA5 /* MTAppDelegate.m in Sources */,
				262424BD167FDAF200BF0AA5 /* MTViewController.m in Sources */,
			);
			runOnlyForDeploymentPostprocessing = 0;
		};
/* End PBXSourcesBuildPhase section */

/* Begin PBXTargetDependency section */
		26242492167FDABB00BF0AA5 /* PBXTargetDependency */ = {
			isa = PBXTargetDependency;
			target = 26242464167FDABB00BF0AA5 /* MultipleTargets Lite */;
			targetProxy = 26242491167FDABB00BF0AA5 /* PBXContainerItemProxy */;
		};
/* End PBXTargetDependency section */

/* Begin PBXVariantGroup section */
		26242472167FDABB00BF0AA5 /* InfoPlist.strings */ = {
			isa = PBXVariantGroup;
			children = (
				26242473167FDABB00BF0AA5 /* en */,
			);
			name = InfoPlist.strings;
			sourceTree = "<group>";
		};
		26242481167FDABB00BF0AA5 /* Main.storyboard */ = {
			isa = PBXVariantGroup;
			children = (
				26242482167FDABB00BF0AA5 /* en */,
			);
			name = Main.storyboard;
			sourceTree = "<group>";
		};
		26242496167FDABB00BF0AA5 /* InfoPlist.strings */ = {
			isa = PBXVariantGroup;
			children = (
				26242497167FDABB00BF0AA5 /* en */,
			);
			name = InfoPlist.strings;
			sourceTree = "<group>";
		};
/* End PBXVariantGroup section */

/* Begin XCBuildConfiguration section */
		2624249C167FDABB00BF0AA5 /* Debug */ = {
			isa = XCBuildConfiguration;
			buildSettings = {
				ALWAYS_SEARCH_USER_PATHS = NO;
				CLANG_CXX_LANGUAGE_STANDARD = "gnu++0x";
				CLANG_CXX_LIBRARY = "libc++";
				CLANG_ENABLE_OBJC_ARC = YES;
				CLANG_WARN_BOOL_CONVERSION = YES;
				CLANG_WARN_CONSTANT_CONVERSION = YES;
				CLANG_WARN_EMPTY_BODY = YES;
				CLANG_WARN_ENUM_CONVERSION = YES;
				CLANG_WARN_INFINITE_RECURSION = YES;
				CLANG_WARN_INT_CONVERSION = YES;
				CLANG_WARN_SUSPICIOUS_MOVE = YES;
				CLANG_WARN_UNREACHABLE_CODE = YES;
				CLANG_WARN__DUPLICATE_METHOD_MATCH = YES;
				"CODE_SIGN_IDENTITY[sdk=iphoneos*]" = "iPhone Developer";
				COPY_PHASE_STRIP = NO;
				ENABLE_STRICT_OBJC_MSGSEND = YES;
				ENABLE_TESTABILITY = YES;
				GCC_C_LANGUAGE_STANDARD = gnu99;
				GCC_DYNAMIC_NO_PIC = NO;
				GCC_NO_COMMON_BLOCKS = YES;
				GCC_OPTIMIZATION_LEVEL = 0;
				GCC_PREPROCESSOR_DEFINITIONS = (
					"DEBUG=1",
					"$(inherited)",
				);
				GCC_SYMBOLS_PRIVATE_EXTERN = NO;
				GCC_WARN_64_TO_32_BIT_CONVERSION = YES;
				GCC_WARN_ABOUT_RETURN_TYPE = YES;
				GCC_WARN_UNDECLARED_SELECTOR = YES;
				GCC_WARN_UNINITIALIZED_AUTOS = YES;
				GCC_WARN_UNUSED_FUNCTION = YES;
				GCC_WARN_UNUSED_VARIABLE = YES;
				IPHONEOS_DEPLOYMENT_TARGET = 9.0;
				ONLY_ACTIVE_ARCH = YES;
				SDKROOT = iphoneos;
			};
			name = Debug;
		};
		2624249D167FDABB00BF0AA5 /* Release */ = {
			isa = XCBuildConfiguration;
			buildSettings = {
				ALWAYS_SEARCH_USER_PATHS = NO;
				CLANG_CXX_LANGUAGE_STANDARD = "gnu++0x";
				CLANG_CXX_LIBRARY = "libc++";
				CLANG_ENABLE_OBJC_ARC = YES;
				CLANG_WARN_BOOL_CONVERSION = YES;
				CLANG_WARN_CONSTANT_CONVERSION = YES;
				CLANG_WARN_EMPTY_BODY = YES;
				CLANG_WARN_ENUM_CONVERSION = YES;
				CLANG_WARN_INFINITE_RECURSION = YES;
				CLANG_WARN_INT_CONVERSION = YES;
				CLANG_WARN_SUSPICIOUS_MOVE = YES;
				CLANG_WARN_UNREACHABLE_CODE = YES;
				CLANG_WARN__DUPLICATE_METHOD_MATCH = YES;
				"CODE_SIGN_IDENTITY[sdk=iphoneos*]" = "iPhone Developer";
				COPY_PHASE_STRIP = YES;
				ENABLE_STRICT_OBJC_MSGSEND = YES;
				GCC_C_LANGUAGE_STANDARD = gnu99;
				GCC_NO_COMMON_BLOCKS = YES;
				GCC_WARN_64_TO_32_BIT_CONVERSION = YES;
				GCC_WARN_ABOUT_RETURN_TYPE = YES;
				GCC_WARN_UNDECLARED_SELECTOR = YES;
				GCC_WARN_UNINITIALIZED_AUTOS = YES;
				GCC_WARN_UNUSED_FUNCTION = YES;
				GCC_WARN_UNUSED_VARIABLE = YES;
				IPHONEOS_DEPLOYMENT_TARGET = 9.0;
				OTHER_CFLAGS = "-DNS_BLOCK_ASSERTIONS=1";
				SDKROOT = iphoneos;
				VALIDATE_PRODUCT = YES;
			};
			name = Release;
		};
		2624249F167FDABB00BF0AA5 /* Debug */ = {
			isa = XCBuildConfiguration;
			buildSettings = {
				ASSETCATALOG_COMPILER_APPICON_NAME = AppIcon;
				ASSETCATALOG_COMPILER_LAUNCHIMAGE_NAME = LaunchImage;
				CODE_SIGN_IDENTITY = "iPhone Developer";
				"CODE_SIGN_IDENTITY[sdk=iphoneos*]" = "iPhone Developer";
				DEVELOPMENT_TEAM = JJUWC4MH8Y;
				GCC_PRECOMPILE_PREFIX_HEADER = YES;
				GCC_PREFIX_HEADER = "MultipleTargets/MultipleTargets-Prefix.pch";
				INFOPLIST_FILE = "$(SRCROOT)/MultipleTargets/MultipleTargets Lite-Info.plist";
				IPHONEOS_DEPLOYMENT_TARGET = 9.0;
				OTHER_CFLAGS = "-DMULTIPLE_TARGETS_LITE";
				PRODUCT_BUNDLE_IDENTIFIER = "com.smallsharptools.Lite.${PRODUCT_NAME:rfc1034identifier}";
				PRODUCT_NAME = "MT Lite";
				WRAPPER_EXTENSION = app;
			};
			name = Debug;
		};
		262424A0167FDABB00BF0AA5 /* Release */ = {
			isa = XCBuildConfiguration;
			buildSettings = {
				ASSETCATALOG_COMPILER_APPICON_NAME = AppIcon;
				ASSETCATALOG_COMPILER_LAUNCHIMAGE_NAME = LaunchImage;
				CODE_SIGN_IDENTITY = "iPhone Developer";
				"CODE_SIGN_IDENTITY[sdk=iphoneos*]" = "iPhone Developer";
				DEVELOPMENT_TEAM = JJUWC4MH8Y;
				GCC_PRECOMPILE_PREFIX_HEADER = YES;
				GCC_PREFIX_HEADER = "MultipleTargets/MultipleTargets-Prefix.pch";
				INFOPLIST_FILE = "$(SRCROOT)/MultipleTargets/MultipleTargets Lite-Info.plist";
				IPHONEOS_DEPLOYMENT_TARGET = 9.0;
				OTHER_CFLAGS = (
					"-DMULTIPLE_TARGETS_LITE",
					"-DNS_BLOCK_ASSERTIONS=1",
				);
				OTHER_CPLUSPLUSFLAGS = (
					"$(OTHER_CFLAGS)",
					"-DNS_BLOCK_ASSERTIONS=1",
				);
				PRODUCT_BUNDLE_IDENTIFIER = "com.smallsharptools.Lite.${PRODUCT_NAME:rfc1034identifier}";
				PRODUCT_NAME = "MT Lite";
				WRAPPER_EXTENSION = app;
			};
			name = Release;
		};
		262424A2167FDABB00BF0AA5 /* Debug */ = {
			isa = XCBuildConfiguration;
			buildSettings = {
				BUNDLE_LOADER = "$(TEST_HOST)";
				DEVELOPMENT_TEAM = JJUWC4MH8Y;
				FRAMEWORK_SEARCH_PATHS = "$(inherited)";
				GCC_PRECOMPILE_PREFIX_HEADER = YES;
				GCC_PREFIX_HEADER = "MultipleTargets/MultipleTargets-Prefix.pch";
				INFOPLIST_FILE = "MultipleTargetsTests/MultipleTargetsTests-Info.plist";
				PRODUCT_BUNDLE_IDENTIFIER = "com.smallsharptools.${PRODUCT_NAME:rfc1034identifier}";
				PRODUCT_NAME = "$(TARGET_NAME)";
				TEST_HOST = "$(BUILT_PRODUCTS_DIR)/MT Lite.app/MT Lite";
			};
			name = Debug;
		};
		262424A3167FDABB00BF0AA5 /* Release */ = {
			isa = XCBuildConfiguration;
			buildSettings = {
				BUNDLE_LOADER = "$(TEST_HOST)";
				DEVELOPMENT_TEAM = JJUWC4MH8Y;
				FRAMEWORK_SEARCH_PATHS = "$(inherited)";
				GCC_PRECOMPILE_PREFIX_HEADER = YES;
				GCC_PREFIX_HEADER = "MultipleTargets/MultipleTargets-Prefix.pch";
				INFOPLIST_FILE = "MultipleTargetsTests/MultipleTargetsTests-Info.plist";
				PRODUCT_BUNDLE_IDENTIFIER = "com.smallsharptools.${PRODUCT_NAME:rfc1034identifier}";
				PRODUCT_NAME = "$(TARGET_NAME)";
				TEST_HOST = "$(BUILT_PRODUCTS_DIR)/MT Lite.app/MT Lite";
			};
			name = Release;
		};
		262424B4167FDAC900BF0AA5 /* Debug */ = {
			isa = XCBuildConfiguration;
			buildSettings = {
				ASSETCATALOG_COMPILER_APPICON_NAME = AppIcon;
				ASSETCATALOG_COMPILER_LAUNCHIMAGE_NAME = LaunchImage;
				CODE_SIGN_IDENTITY = "iPhone Developer";
				"CODE_SIGN_IDENTITY[sdk=iphoneos*]" = "iPhone Developer";
				DEVELOPMENT_TEAM = JJUWC4MH8Y;
				GCC_PRECOMPILE_PREFIX_HEADER = YES;
				GCC_PREFIX_HEADER = "MultipleTargets/MultipleTargets-Prefix.pch";
				INFOPLIST_FILE = "$(SRCROOT)/MultipleTargets/MultipleTargets Pro-Info.plist";
				IPHONEOS_DEPLOYMENT_TARGET = 9.0;
				OTHER_CFLAGS = "-DMULTIPLE_TARGETS_PRO";
				PRODUCT_BUNDLE_IDENTIFIER = "com.smallsharptools.Pro.${PRODUCT_NAME:rfc1034identifier}";
				PRODUCT_NAME = "MT Pro";
				WRAPPER_EXTENSION = app;
			};
			name = Debug;
		};
		262424B5167FDAC900BF0AA5 /* Release */ = {
			isa = XCBuildConfiguration;
			buildSettings = {
				ASSETCATALOG_COMPILER_APPICON_NAME = AppIcon;
				ASSETCATALOG_COMPILER_LAUNCHIMAGE_NAME = LaunchImage;
				CODE_SIGN_IDENTITY = "iPhone Developer";
				"CODE_SIGN_IDENTITY[sdk=iphoneos*]" = "iPhone Developer";
				DEVELOPMENT_TEAM = JJUWC4MH8Y;
				GCC_PRECOMPILE_PREFIX_HEADER = YES;
				GCC_PREFIX_HEADER = "MultipleTargets/MultipleTargets-Prefix.pch";
				INFOPLIST_FILE = "$(SRCROOT)/MultipleTargets/MultipleTargets Pro-Info.plist";
				IPHONEOS_DEPLOYMENT_TARGET = 9.0;
				OTHER_CFLAGS = "-DMULTIPLE_TARGETS_PRO";
				PRODUCT_BUNDLE_IDENTIFIER = "com.smallsharptools.Pro.${PRODUCT_NAME:rfc1034identifier}";
				PRODUCT_NAME = "MT Pro";
				WRAPPER_EXTENSION = app;
			};
			name = Release;
		};
		262424C9167FDAF200BF0AA5 /* Debug */ = {
			isa = XCBuildConfiguration;
			buildSettings = {
				ASSETCATALOG_COMPILER_APPICON_NAME = AppIcon;
				ASSETCATALOG_COMPILER_LAUNCHIMAGE_NAME = LaunchImage;
				CODE_SIGN_IDENTITY = "iPhone Developer";
				"CODE_SIGN_IDENTITY[sdk=iphoneos*]" = "iPhone Developer";
				DEVELOPMENT_TEAM = JJUWC4MH8Y;
				GCC_PRECOMPILE_PREFIX_HEADER = YES;
				GCC_PREFIX_HEADER = "MultipleTargets/MultipleTargets-Prefix.pch";
				INFOPLIST_FILE = "$(SRCROOT)/MultipleTargets/MultipleTargets OEM-Info.plist";
				IPHONEOS_DEPLOYMENT_TARGET = 9.0;
				OTHER_CFLAGS = "-DMULTIPLE_TARGETS_OEM";
				PRODUCT_BUNDLE_IDENTIFIER = "com.smallsharptools.OEM.${PRODUCT_NAME:rfc1034identifier}";
				PRODUCT_NAME = "MT OEM";
				WRAPPER_EXTENSION = app;
			};
			name = Debug;
		};
		262424CA167FDAF200BF0AA5 /* Release */ = {
			isa = XCBuildConfiguration;
			buildSettings = {
				ASSETCATALOG_COMPILER_APPICON_NAME = AppIcon;
				ASSETCATALOG_COMPILER_LAUNCHIMAGE_NAME = LaunchImage;
				CODE_SIGN_IDENTITY = "iPhone Developer";
				"CODE_SIGN_IDENTITY[sdk=iphoneos*]" = "iPhone Developer";
				DEVELOPMENT_TEAM = JJUWC4MH8Y;
				GCC_PRECOMPILE_PREFIX_HEADER = YES;
				GCC_PREFIX_HEADER = "MultipleTargets/MultipleTargets-Prefix.pch";
				INFOPLIST_FILE = "$(SRCROOT)/MultipleTargets/MultipleTargets OEM-Info.plist";
				IPHONEOS_DEPLOYMENT_TARGET = 9.0;
				OTHER_CFLAGS = "-DMULTIPLE_TARGETS_OEM";
				PRODUCT_BUNDLE_IDENTIFIER = "com.smallsharptools.OEM.${PRODUCT_NAME:rfc1034identifier}";
				PRODUCT_NAME = "MT OEM";
				WRAPPER_EXTENSION = app;
			};
			name = Release;
		};
/* End XCBuildConfiguration section */

/* Begin XCConfigurationList section */
		2624245F167FDABB00BF0AA5 /* Build configuration list for PBXProject "MultipleTargets" */ = {
			isa = XCConfigurationList;
			buildConfigurations = (
				2624249C167FDABB00BF0AA5 /* Debug */,
				2624249D167FDABB00BF0AA5 /* Release */,
			);
			defaultConfigurationIsVisible = 0;
			defaultConfigurationName = Release;
		};
		2624249E167FDABB00BF0AA5 /* Build configuration list for PBXNativeTarget "MultipleTargets Lite" */ = {
			isa = XCConfigurationList;
			buildConfigurations = (
				2624249F167FDABB00BF0AA5 /* Debug */,
				262424A0167FDABB00BF0AA5 /* Release */,
			);
			defaultConfigurationIsVisible = 0;
			defaultConfigurationName = Release;
		};
		262424A1167FDABB00BF0AA5 /* Build configuration list for PBXNativeTarget "MultipleTargetsTests" */ = {
			isa = XCConfigurationList;
			buildConfigurations = (
				262424A2167FDABB00BF0AA5 /* Debug */,
				262424A3167FDABB00BF0AA5 /* Release */,
			);
			defaultConfigurationIsVisible = 0;
			defaultConfigurationName = Release;
		};
		262424B3167FDAC900BF0AA5 /* Build configuration list for PBXNativeTarget "MultipleTargets Pro" */ = {
			isa = XCConfigurationList;
			buildConfigurations = (
				262424B4167FDAC900BF0AA5 /* Debug */,
				262424B5167FDAC900BF0AA5 /* Release */,
			);
			defaultConfigurationIsVisible = 0;
			defaultConfigurationName = Release;
		};
		262424C8167FDAF200BF0AA5 /* Build configuration list for PBXNativeTarget "MultipleTargets OEM" */ = {
			isa = XCConfigurationList;
			buildConfigurations = (
				262424C9167FDAF200BF0AA5 /* Debug */,
				262424CA167FDAF200BF0AA5 /* Release */,
			);
			defaultConfigurationIsVisible = 0;
			defaultConfigurationName = Release;
		};
/* End XCConfigurationList section */
	};
	rootObject = 2624245C167FDABB00BF0AA5 /* Project object */;
}
